
Microsoft Visual Studio Solution File, Format Version 12.00
# Visual Studio Version 17
VisualStudioVersion = 17.11.35312.102
MinimumVisualStudioVersion = 10.0.40219.1
Project("{FAE04EC0-301F-11D3-BF4B-00C04F79EFBC}") = "WeAreAllOne", "WeAreAllOne\WeAreAllOne.csproj", "{B53AF78A-7B4C-4E03-976F-1BB398852A86}"
EndProject
Global
	GlobalSection(SolutionConfigurationPlatforms) = preSolution
		Debug|Any CPU = Debug|Any CPU
		Release|Any CPU = Release|Any CPU
	EndGlobalSection
	GlobalSection(ProjectConfigurationPlatforms) = postSolution
		{B53AF78A-7B4C-4E03-976F-1BB398852A86}.Debug|Any CPU.ActiveCfg = Debug|Any CPU
		{B53AF78A-7B4C-4E03-976F-1BB398852A86}.Debug|Any CPU.Build.0 = Debug|Any CPU
		{B53AF78A-7B4C-4E03-976F-1BB398852A86}.Release|Any CPU.ActiveCfg = Release|Any CPU
		{B53AF78A-7B4C-4E03-976F-1BB398852A86}.Release|Any CPU.Build.0 = Release|Any CPU
	EndGlobalSection
	GlobalSection(SolutionProperties) = preSolution
		HideSolutionNode = FALSE
	EndGlobalSection
	GlobalSection(ExtensibilityGlobals) = postSolution
		SolutionGuid = {CFD8BEBB-9B18-4D73-8AF0-7F509F564CA4}
	EndGlobalSection
EndGlobal
